
Microsoft Visual Studio Solution File, Format Version 12.00
# Visual Studio Version 17
VisualStudioVersion = 17.13.35931.197 d17.13
MinimumVisualStudioVersion = 10.0.40219.1
Project("{FAE04EC0-301F-11D3-BF4B-00C04F79EFBC}") = "WebScrapper", "WebScrapper.csproj", "{6189214F-19E1-4CD1-9AED-B517EC626F41}"
EndProject
Global
	GlobalSection(SolutionConfigurationPlatforms) = preSolution
		Debug|Any CPU = Debug|Any CPU
		Release|Any CPU = Release|Any CPU
	EndGlobalSection
	GlobalSection(ProjectConfigurationPlatforms) = postSolution
		{6189214F-19E1-4CD1-9AED-B517EC626F41}.Debug|Any CPU.ActiveCfg = Debug|Any CPU
		{6189214F-19E1-4CD1-9AED-B517EC626F41}.Debug|Any CPU.Build.0 = Debug|Any CPU
		{6189214F-19E1-4CD1-9AED-B517EC626F41}.Release|Any CPU.ActiveCfg = Release|Any CPU
		{6189214F-19E1-4CD1-9AED-B517EC626F41}.Release|Any CPU.Build.0 = Release|Any CPU
	EndGlobalSection
	GlobalSection(SolutionProperties) = preSolution
		HideSolutionNode = FALSE
	EndGlobalSection
	GlobalSection(ExtensibilityGlobals) = postSolution
		SolutionGuid = {4E33B949-2B4B-4A89-9EB3-55371184CDAF}
	EndGlobalSection
EndGlobal
